schemaversion = 1

[[skill]]
name = 'frontend-design'
source = 'github.com/anthropics/skills//skills/frontend-design'
version = 'v0.0.0-20260910194408-34040c9c5685'
commit = '34040c9c568585f6929bedeaad110ad08f079624'
dirhash = 'h1:v685nvZHCeRJhMdG4LoNbY8kst5NVXndnarpjISWUpM='

[[skill]]
name = 'playwright'
source = 'github.com/openai/skills//skills/.curated/playwright'
version = 'v0.0.0-20260624023612-49f948faa925'
commit = '49f948faa9258a0c61caceaf225e179651397431'
dirhash = 'h1:T0jQc3L2prMP7CBDWFwNRFq0xHmfFMlIIcR4bnkqMh4='
