[[skill]]
name = 'algorithmic-art'
source = 'https://github.com/anthropics/skills//skills/algorithmic-art'
version = 'v0.0.0-20260901183038-53048666b05b'
commit = '53048666b05b4799081517d00e09e0a2dd688678'
dirhash = 'h1:ZSq1c2iuerdUlnmihwsveDiL4B3iaHRNTKFGbM7d/6A='

[[skill]]
name = 'frontend-design'
source = 'https://github.com/anthropics/skills//skills/frontend-design'
version = 'v0.0.0-20260901183038-53048666b05b'
commit = '53048666b05b4799081517d00e09e0a2dd688678'
dirhash = 'h1:3+HZ6/n7uz23N5axuq9E/HR7VAamQkq4NzDuebhUUr8='

[[skill]]
name = 'playwright'
source = 'https://github.com/openai/skills//skills/.curated/playwright'
version = 'v0.0.0-20260624023612-49f948faa925'
commit = '49f948faa9258a0c61caceaf225e179651397431'
dirhash = 'h1:T0jQc3L2prMP7CBDWFwNRFq0xHmfFMlIIcR4bnkqMh4='

[[skill]]
name = 'theme-factory'
source = 'https://github.com/anthropics/skills//skills/theme-factory'
version = 'v0.0.0-20260901183038-53048666b05b'
commit = '53048666b05b4799081517d00e09e0a2dd688678'
dirhash = 'h1:w4vMhD9/JWRyr3xIMFKbi0lgxr+Rk2tky6/Sp+vGxDY='

[[skill]]
name = 'web-artifacts-builder'
source = 'https://github.com/anthropics/skills//skills/web-artifacts-builder'
version = 'v0.0.0-20260901183038-53048666b05b'
commit = '53048666b05b4799081517d00e09e0a2dd688678'
dirhash = 'h1:nHsVvAW7Gr5DUmoBTt8Zh8Xnn+KnHMijAyKIzsiOluw='
